
Microsoft Visual Studio Solution File, Format Version 12.00
# Visual Studio Version 16
VisualStudioVersion = 16.0.29613.14
MinimumVisualStudioVersion = 10.0.40219.1
Project("{FAE04EC0-301F-11D3-BF4B-00C04F79EFBC}") = "PipeServer", "PipeServer.csproj", "{C04F4DF6-0BC8-4012-B255-29429FA57DF4}"
EndProject
Global
	GlobalSection(SolutionConfigurationPlatforms) = preSolution
		Debug|Any CPU = Debug|Any CPU
		Release|Any CPU = Release|Any CPU
	EndGlobalSection
	GlobalSection(ProjectConfigurationPlatforms) = postSolution
		{C04F4DF6-0BC8-4012-B255-29429FA57DF4}.Debug|Any CPU.ActiveCfg = Debug|Any CPU
		{C04F4DF6-0BC8-4012-B255-29429FA57DF4}.Debug|Any CPU.Build.0 = Debug|Any CPU
		{C04F4DF6-0BC8-4012-B255-29429FA57DF4}.Release|Any CPU.ActiveCfg = Release|Any CPU
		{C04F4DF6-0BC8-4012-B255-29429FA57DF4}.Release|Any CPU.Build.0 = Release|Any CPU
	EndGlobalSection
	GlobalSection(SolutionProperties) = preSolution
		HideSolutionNode = FALSE
	EndGlobalSection
	GlobalSection(ExtensibilityGlobals) = postSolution
		SolutionGuid = {CC9F8425-68B3-43AA-B6DA-BEF10739ADA3}
	EndGlobalSection
EndGlobal
